
Microsoft Visual Studio Solution File, Format Version 12.00
# Visual Studio Version 16
VisualStudioVersion = 16.0.31727.386
MinimumVisualStudioVersion = 10.0.40219.1
Project("{FAE04EC0-301F-11D3-BF4B-00C04F79EFBC}") = "util", "util\util.csproj", "{AE40FEA7-CF1C-4435-82BA-13B2614BCA66}"
EndProject
Project("{FAE04EC0-301F-11D3-BF4B-00C04F79EFBC}") = "dal", "dal\dal.csproj", "{492D868F-DF8F-4A08-897C-576B95E94FC8}"
EndProject
Project("{FAE04EC0-301F-11D3-BF4B-00C04F79EFBC}") = "core", "core\core.csproj", "{E723FB91-0191-4BC4-A77A-6FBFCC8D2441}"
EndProject
Project("{FAE04EC0-301F-11D3-BF4B-00C04F79EFBC}") = "seguridad", "seguridad\seguridad.csproj", "{47AB1036-D721-48BE-9F55-C434FA3575E1}"
EndProject
Project("{FAE04EC0-301F-11D3-BF4B-00C04F79EFBC}") = "persona", "persona\persona.csproj", "{2F3B3D94-D1C9-4827-ACD6-7A09A46C7A9C}"
EndProject
Project("{FAE04EC0-301F-11D3-BF4B-00C04F79EFBC}") = "general", "general\general.csproj", "{4C870D16-3204-4CBF-A5C1-484594145282}"
EndProject
Project("{FAE04EC0-301F-11D3-BF4B-00C04F79EFBC}") = "WebApiCore", "WebApiCore\WebApiCore.csproj", "{B7F9BB76-BC2F-4B2C-9A71-6565CCD1542A}"
	ProjectSection(ProjectDependencies) = postProject
		{66A1DB40-7D97-4014-9920-8425E6A22345} = {66A1DB40-7D97-4014-9920-8425E6A22345}
	EndProjectSection
EndProject
Project("{FAE04EC0-301F-11D3-BF4B-00C04F79EFBC}") = "socio", "socio\socio.csproj", "{C2CAD90E-C40D-4EAE-8F82-8BE3853010E6}"
EndProject
Project("{FAE04EC0-301F-11D3-BF4B-00C04F79EFBC}") = "contabilidad", "contabilidad\contabilidad.csproj", "{A6DE6DB9-BB15-4AB5-97A7-2D414BB99E6E}"
EndProject
Project("{FAE04EC0-301F-11D3-BF4B-00C04F79EFBC}") = "monetario", "monetario\monetario.csproj", "{61968883-483D-46F8-B41E-8977F4BCC931}"
EndProject
Project("{FAE04EC0-301F-11D3-BF4B-00C04F79EFBC}") = "cartera", "cartera\cartera.csproj", "{A082141A-2421-4D6F-B6F3-4D246733E3E6}"
EndProject
Project("{FAE04EC0-301F-11D3-BF4B-00C04F79EFBC}") = "amortizacion", "amortizacion\amortizacion.csproj", "{27039CE7-EE2B-425E-B22E-F5258EDD070E}"
EndProject
Project("{FAE04EC0-301F-11D3-BF4B-00C04F79EFBC}") = "prestaciones", "prestaciones\prestaciones.csproj", "{4CC14C68-2D08-45BF-B166-FE8A2FCED7B8}"
EndProject
Project("{FAE04EC0-301F-11D3-BF4B-00C04F79EFBC}") = "lote", "lote\lote.csproj", "{287023A2-2334-4B71-9193-8E65FE536A56}"
EndProject
Project("{FAE04EC0-301F-11D3-BF4B-00C04F79EFBC}") = "inversiones", "inversiones\inversiones.csproj", "{0E8B05E9-3C2C-4A36-8DD8-3C3068421CCF}"
EndProject
Project("{FAE04EC0-301F-11D3-BF4B-00C04F79EFBC}") = "talentohumano", "talentohumano\talentohumano.csproj", "{F92C92E6-035C-48E5-A3D4-E54D7DD5D2BA}"
EndProject
Project("{FAE04EC0-301F-11D3-BF4B-00C04F79EFBC}") = "activosfijos", "activosfijos\activosfijos.csproj", "{DC11DBDD-5AB9-4458-BF57-49443F55B76C}"
EndProject
Project("{FAE04EC0-301F-11D3-BF4B-00C04F79EFBC}") = "bancaenlinea", "bancaenlinea\bancaenlinea.csproj", "{470E2A46-4FC5-4033-9803-A215196954A6}"
EndProject
Project("{FAE04EC0-301F-11D3-BF4B-00C04F79EFBC}") = "organismosdecontrol", "organismosdecontrol\organismosdecontrol.csproj", "{D4F793D4-E12A-472A-8867-FF0DE00F7D02}"
EndProject
Project("{FAE04EC0-301F-11D3-BF4B-00C04F79EFBC}") = "bancamovil", "bancamovil\bancamovil.csproj", "{E92E5A13-F08B-4458-BD48-C9B6559477CF}"
EndProject
Project("{FAE04EC0-301F-11D3-BF4B-00C04F79EFBC}") = "modelo", "modelo\modelo.csproj", "{35D81711-039F-4913-A9EE-EBAE3CBDD010}"
EndProject
Project("{FAE04EC0-301F-11D3-BF4B-00C04F79EFBC}") = "cobranza", "cobranza\cobranza.csproj", "{6A794DB8-C54B-4185-9E68-E8DF63589171}"
EndProject
Project("{FAE04EC0-301F-11D3-BF4B-00C04F79EFBC}") = "WebApiExt", "WebApiExt\WebApiExt.csproj", "{7C592CF3-E841-437F-948B-340C0BE292B5}"
EndProject
Project("{FAE04EC0-301F-11D3-BF4B-00C04F79EFBC}") = "garantias", "garantias\garantias.csproj", "{3434BF85-ED06-4EFA-9565-E0C0FA2A9B20}"
EndProject
Project("{FAE04EC0-301F-11D3-BF4B-00C04F79EFBC}") = "facturacionelectronica", "facturacionelectronica\facturacionelectronica.csproj", "{313F5834-DD75-45B6-AE40-D5006C0ADC0E}"
EndProject
Project("{FAE04EC0-301F-11D3-BF4B-00C04F79EFBC}") = "seguros", "seguros\seguros.csproj", "{66A1DB40-7D97-4014-9920-8425E6A22345}"
EndProject
Project("{FAE04EC0-301F-11D3-BF4B-00C04F79EFBC}") = "presupuesto", "presupuesto\presupuesto.csproj", "{619C46E9-EC00-4F6F-840C-B7EA9E51BA33}"
EndProject
Project("{FAE04EC0-301F-11D3-BF4B-00C04F79EFBC}") = "archivosBI", "archivosBI\archivosBI.csproj", "{2C367B09-57E5-41CE-9E82-A733C377110E}"
EndProject
Project("{FAE04EC0-301F-11D3-BF4B-00C04F79EFBC}") = "tesoreria", "Tesoreria\tesoreria.csproj", "{A8C61CD6-E4BC-458D-BC99-2482387521A8}"
EndProject
Project("{FAE04EC0-301F-11D3-BF4B-00C04F79EFBC}") = "facturacion", "facturacion\facturacion.csproj", "{9C2FB8E8-E9E3-4EF7-B984-85DC51DAA07C}"
EndProject
Project("{FAE04EC0-301F-11D3-BF4B-00C04F79EFBC}") = "canalesdigitales", "canalesdigitales\canalesdigitales.csproj", "{F8F719C0-F273-48FA-B5B4-BEEB55A85731}"
EndProject
Global
	GlobalSection(SolutionConfigurationPlatforms) = preSolution
		Debug|Any CPU = Debug|Any CPU
		Debug|ARM = Debug|ARM
		Debug|x64 = Debug|x64
		Debug|x86 = Debug|x86
		Release|Any CPU = Release|Any CPU
		Release|ARM = Release|ARM
		Release|x64 = Release|x64
		Release|x86 = Release|x86
	EndGlobalSection
	GlobalSection(ProjectConfigurationPlatforms) = postSolution
		{AE40FEA7-CF1C-4435-82BA-13B2614BCA66}.Debug|Any CPU.ActiveCfg = Debug|Any CPU
		{AE40FEA7-CF1C-4435-82BA-13B2614BCA66}.Debug|Any CPU.Build.0 = Debug|Any CPU
		{AE40FEA7-CF1C-4435-82BA-13B2614BCA66}.Debug|ARM.ActiveCfg = Debug|Any CPU
		{AE40FEA7-CF1C-4435-82BA-13B2614BCA66}.Debug|ARM.Build.0 = Debug|Any CPU
		{AE40FEA7-CF1C-4435-82BA-13B2614BCA66}.Debug|x64.ActiveCfg = Debug|Any CPU
		{AE40FEA7-CF1C-4435-82BA-13B2614BCA66}.Debug|x64.Build.0 = Debug|Any CPU
		{AE40FEA7-CF1C-4435-82BA-13B2614BCA66}.Debug|x86.ActiveCfg = Debug|Any CPU
		{AE40FEA7-CF1C-4435-82BA-13B2614BCA66}.Debug|x86.Build.0 = Debug|Any CPU
		{AE40FEA7-CF1C-4435-82BA-13B2614BCA66}.Release|Any CPU.ActiveCfg = Release|Any CPU
		{AE40FEA7-CF1C-4435-82BA-13B2614BCA66}.Release|Any CPU.Build.0 = Release|Any CPU
		{AE40FEA7-CF1C-4435-82BA-13B2614BCA66}.Release|ARM.ActiveCfg = Release|Any CPU
		{AE40FEA7-CF1C-4435-82BA-13B2614BCA66}.Release|ARM.Build.0 = Release|Any CPU
		{AE40FEA7-CF1C-4435-82BA-13B2614BCA66}.Release|x64.ActiveCfg = Release|Any CPU
		{AE40FEA7-CF1C-4435-82BA-13B2614BCA66}.Release|x64.Build.0 = Release|Any CPU
		{AE40FEA7-CF1C-4435-82BA-13B2614BCA66}.Release|x86.ActiveCfg = Release|Any CPU
		{AE40FEA7-CF1C-4435-82BA-13B2614BCA66}.Release|x86.Build.0 = Release|Any CPU
		{492D868F-DF8F-4A08-897C-576B95E94FC8}.Debug|Any CPU.ActiveCfg = Debug|Any CPU
		{492D868F-DF8F-4A08-897C-576B95E94FC8}.Debug|Any CPU.Build.0 = Debug|Any CPU
		{492D868F-DF8F-4A08-897C-576B95E94FC8}.Debug|ARM.ActiveCfg = Debug|Any CPU
		{492D868F-DF8F-4A08-897C-576B95E94FC8}.Debug|ARM.Build.0 = Debug|Any CPU
		{492D868F-DF8F-4A08-897C-576B95E94FC8}.Debug|x64.ActiveCfg = Debug|Any CPU
		{492D868F-DF8F-4A08-897C-576B95E94FC8}.Debug|x64.Build.0 = Debug|Any CPU
		{492D868F-DF8F-4A08-897C-576B95E94FC8}.Debug|x86.ActiveCfg = Debug|Any CPU
		{492D868F-DF8F-4A08-897C-576B95E94FC8}.Debug|x86.Build.0 = Debug|Any CPU
		{492D868F-DF8F-4A08-897C-576B95E94FC8}.Release|Any CPU.ActiveCfg = Release|Any CPU
		{492D868F-DF8F-4A08-897C-576B95E94FC8}.Release|Any CPU.Build.0 = Release|Any CPU
		{492D868F-DF8F-4A08-897C-576B95E94FC8}.Release|ARM.ActiveCfg = Release|Any CPU
		{492D868F-DF8F-4A08-897C-576B95E94FC8}.Release|ARM.Build.0 = Release|Any CPU
		{492D868F-DF8F-4A08-897C-576B95E94FC8}.Release|x64.ActiveCfg = Release|Any CPU
		{492D868F-DF8F-4A08-897C-576B95E94FC8}.Release|x64.Build.0 = Release|Any CPU
		{492D868F-DF8F-4A08-897C-576B95E94FC8}.Release|x86.ActiveCfg = Release|Any CPU
		{492D868F-DF8F-4A08-897C-576B95E94FC8}.Release|x86.Build.0 = Release|Any CPU
		{E723FB91-0191-4BC4-A77A-6FBFCC8D2441}.Debug|Any CPU.ActiveCfg = Debug|Any CPU
		{E723FB91-0191-4BC4-A77A-6FBFCC8D2441}.Debug|Any CPU.Build.0 = Debug|Any CPU
		{E723FB91-0191-4BC4-A77A-6FBFCC8D2441}.Debug|ARM.ActiveCfg = Debug|Any CPU
		{E723FB91-0191-4BC4-A77A-6FBFCC8D2441}.Debug|ARM.Build.0 = Debug|Any CPU
		{E723FB91-0191-4BC4-A77A-6FBFCC8D2441}.Debug|x64.ActiveCfg = Debug|Any CPU
		{E723FB91-0191-4BC4-A77A-6FBFCC8D2441}.Debug|x64.Build.0 = Debug|Any CPU
		{E723FB91-0191-4BC4-A77A-6FBFCC8D2441}.Debug|x86.ActiveCfg = Debug|Any CPU
		{E723FB91-0191-4BC4-A77A-6FBFCC8D2441}.Debug|x86.Build.0 = Debug|Any CPU
		{E723FB91-0191-4BC4-A77A-6FBFCC8D2441}.Release|Any CPU.ActiveCfg = Release|Any CPU
		{E723FB91-0191-4BC4-A77A-6FBFCC8D2441}.Release|Any CPU.Build.0 = Release|Any CPU
		{E723FB91-0191-4BC4-A77A-6FBFCC8D2441}.Release|ARM.ActiveCfg = Release|Any CPU
		{E723FB91-0191-4BC4-A77A-6FBFCC8D2441}.Release|ARM.Build.0 = Release|Any CPU
		{E723FB91-0191-4BC4-A77A-6FBFCC8D2441}.Release|x64.ActiveCfg = Release|Any CPU
		{E723FB91-0191-4BC4-A77A-6FBFCC8D2441}.Release|x64.Build.0 = Release|Any CPU
		{E723FB91-0191-4BC4-A77A-6FBFCC8D2441}.Release|x86.ActiveCfg = Release|Any CPU
		{E723FB91-0191-4BC4-A77A-6FBFCC8D2441}.Release|x86.Build.0 = Release|Any CPU
		{47AB1036-D721-48BE-9F55-C434FA3575E1}.Debug|Any CPU.ActiveCfg = Debug|Any CPU
		{47AB1036-D721-48BE-9F55-C434FA3575E1}.Debug|Any CPU.Build.0 = Debug|Any CPU
		{47AB1036-D721-48BE-9F55-C434FA3575E1}.Debug|ARM.ActiveCfg = Debug|Any CPU
		{47AB1036-D721-48BE-9F55-C434FA3575E1}.Debug|ARM.Build.0 = Debug|Any CPU
		{47AB1036-D721-48BE-9F55-C434FA3575E1}.Debug|x64.ActiveCfg = Debug|Any CPU
		{47AB1036-D721-48BE-9F55-C434FA3575E1}.Debug|x64.Build.0 = Debug|Any CPU
		{47AB1036-D721-48BE-9F55-C434FA3575E1}.Debug|x86.ActiveCfg = Debug|Any CPU
		{47AB1036-D721-48BE-9F55-C434FA3575E1}.Debug|x86.Build.0 = Debug|Any CPU
		{47AB1036-D721-48BE-9F55-C434FA3575E1}.Release|Any CPU.ActiveCfg = Release|Any CPU
		{47AB1036-D721-48BE-9F55-C434FA3575E1}.Release|Any CPU.Build.0 = Release|Any CPU
		{47AB1036-D721-48BE-9F55-C434FA3575E1}.Release|ARM.ActiveCfg = Release|Any CPU
		{47AB1036-D721-48BE-9F55-C434FA3575E1}.Release|ARM.Build.0 = Release|Any CPU
		{47AB1036-D721-48BE-9F55-C434FA3575E1}.Release|x64.ActiveCfg = Release|Any CPU
		{47AB1036-D721-48BE-9F55-C434FA3575E1}.Release|x64.Build.0 = Release|Any CPU
		{47AB1036-D721-48BE-9F55-C434FA3575E1}.Release|x86.ActiveCfg = Release|Any CPU
		{47AB1036-D721-48BE-9F55-C434FA3575E1}.Release|x86.Build.0 = Release|Any CPU
		{2F3B3D94-D1C9-4827-ACD6-7A09A46C7A9C}.Debug|Any CPU.ActiveCfg = Debug|Any CPU
		{2F3B3D94-D1C9-4827-ACD6-7A09A46C7A9C}.Debug|Any CPU.Build.0 = Debug|Any CPU
		{2F3B3D94-D1C9-4827-ACD6-7A09A46C7A9C}.Debug|ARM.ActiveCfg = Debug|Any CPU
		{2F3B3D94-D1C9-4827-ACD6-7A09A46C7A9C}.Debug|ARM.Build.0 = Debug|Any CPU
		{2F3B3D94-D1C9-4827-ACD6-7A09A46C7A9C}.Debug|x64.ActiveCfg = Debug|Any CPU
		{2F3B3D94-D1C9-4827-ACD6-7A09A46C7A9C}.Debug|x64.Build.0 = Debug|Any CPU
		{2F3B3D94-D1C9-4827-ACD6-7A09A46C7A9C}.Debug|x86.ActiveCfg = Debug|Any CPU
		{2F3B3D94-D1C9-4827-ACD6-7A09A46C7A9C}.Debug|x86.Build.0 = Debug|Any CPU
		{2F3B3D94-D1C9-4827-ACD6-7A09A46C7A9C}.Release|Any CPU.ActiveCfg = Release|Any CPU
		{2F3B3D94-D1C9-4827-ACD6-7A09A46C7A9C}.Release|Any CPU.Build.0 = Release|Any CPU
		{2F3B3D94-D1C9-4827-ACD6-7A09A46C7A9C}.Release|ARM.ActiveCfg = Release|Any CPU
		{2F3B3D94-D1C9-4827-ACD6-7A09A46C7A9C}.Release|ARM.Build.0 = Release|Any CPU
		{2F3B3D94-D1C9-4827-ACD6-7A09A46C7A9C}.Release|x64.ActiveCfg = Release|Any CPU
		{2F3B3D94-D1C9-4827-ACD6-7A09A46C7A9C}.Release|x64.Build.0 = Release|Any CPU
		{2F3B3D94-D1C9-4827-ACD6-7A09A46C7A9C}.Release|x86.ActiveCfg = Release|Any CPU
		{2F3B3D94-D1C9-4827-ACD6-7A09A46C7A9C}.Release|x86.Build.0 = Release|Any CPU
		{4C870D16-3204-4CBF-A5C1-484594145282}.Debug|Any CPU.ActiveCfg = Debug|Any CPU
		{4C870D16-3204-4CBF-A5C1-484594145282}.Debug|Any CPU.Build.0 = Debug|Any CPU
		{4C870D16-3204-4CBF-A5C1-484594145282}.Debug|ARM.ActiveCfg = Debug|Any CPU
		{4C870D16-3204-4CBF-A5C1-484594145282}.Debug|ARM.Build.0 = Debug|Any CPU
		{4C870D16-3204-4CBF-A5C1-484594145282}.Debug|x64.ActiveCfg = Debug|Any CPU
		{4C870D16-3204-4CBF-A5C1-484594145282}.Debug|x64.Build.0 = Debug|Any CPU
		{4C870D16-3204-4CBF-A5C1-484594145282}.Debug|x86.ActiveCfg = Debug|Any CPU
		{4C870D16-3204-4CBF-A5C1-484594145282}.Debug|x86.Build.0 = Debug|Any CPU
		{4C870D16-3204-4CBF-A5C1-484594145282}.Release|Any CPU.ActiveCfg = Release|Any CPU
		{4C870D16-3204-4CBF-A5C1-484594145282}.Release|Any CPU.Build.0 = Release|Any CPU
		{4C870D16-3204-4CBF-A5C1-484594145282}.Release|ARM.ActiveCfg = Release|Any CPU
		{4C870D16-3204-4CBF-A5C1-484594145282}.Release|ARM.Build.0 = Release|Any CPU
		{4C870D16-3204-4CBF-A5C1-484594145282}.Release|x64.ActiveCfg = Release|Any CPU
		{4C870D16-3204-4CBF-A5C1-484594145282}.Release|x64.Build.0 = Release|Any CPU
		{4C870D16-3204-4CBF-A5C1-484594145282}.Release|x86.ActiveCfg = Release|Any CPU
		{4C870D16-3204-4CBF-A5C1-484594145282}.Release|x86.Build.0 = Release|Any CPU
		{B7F9BB76-BC2F-4B2C-9A71-6565CCD1542A}.Debug|Any CPU.ActiveCfg = Debug|Any CPU
		{B7F9BB76-BC2F-4B2C-9A71-6565CCD1542A}.Debug|Any CPU.Build.0 = Debug|Any CPU
		{B7F9BB76-BC2F-4B2C-9A71-6565CCD1542A}.Debug|ARM.ActiveCfg = Debug|Any CPU
		{B7F9BB76-BC2F-4B2C-9A71-6565CCD1542A}.Debug|ARM.Build.0 = Debug|Any CPU
		{B7F9BB76-BC2F-4B2C-9A71-6565CCD1542A}.Debug|x64.ActiveCfg = Debug|Any CPU
		{B7F9BB76-BC2F-4B2C-9A71-6565CCD1542A}.Debug|x64.Build.0 = Debug|Any CPU
		{B7F9BB76-BC2F-4B2C-9A71-6565CCD1542A}.Debug|x86.ActiveCfg = Debug|Any CPU
		{B7F9BB76-BC2F-4B2C-9A71-6565CCD1542A}.Debug|x86.Build.0 = Debug|Any CPU
		{B7F9BB76-BC2F-4B2C-9A71-6565CCD1542A}.Release|Any CPU.ActiveCfg = Release|Any CPU
		{B7F9BB76-BC2F-4B2C-9A71-6565CCD1542A}.Release|Any CPU.Build.0 = Release|Any CPU
		{B7F9BB76-BC2F-4B2C-9A71-6565CCD1542A}.Release|ARM.ActiveCfg = Release|Any CPU
		{B7F9BB76-BC2F-4B2C-9A71-6565CCD1542A}.Release|ARM.Build.0 = Release|Any CPU
		{B7F9BB76-BC2F-4B2C-9A71-6565CCD1542A}.Release|x64.ActiveCfg = Release|Any CPU
		{B7F9BB76-BC2F-4B2C-9A71-6565CCD1542A}.Release|x64.Build.0 = Release|Any CPU
		{B7F9BB76-BC2F-4B2C-9A71-6565CCD1542A}.Release|x86.ActiveCfg = Release|Any CPU
		{B7F9BB76-BC2F-4B2C-9A71-6565CCD1542A}.Release|x86.Build.0 = Release|Any CPU
		{C2CAD90E-C40D-4EAE-8F82-8BE3853010E6}.Debug|Any CPU.ActiveCfg = Debug|Any CPU
		{C2CAD90E-C40D-4EAE-8F82-8BE3853010E6}.Debug|Any CPU.Build.0 = Debug|Any CPU
		{C2CAD90E-C40D-4EAE-8F82-8BE3853010E6}.Debug|ARM.ActiveCfg = Debug|Any CPU
		{C2CAD90E-C40D-4EAE-8F82-8BE3853010E6}.Debug|ARM.Build.0 = Debug|Any CPU
		{C2CAD90E-C40D-4EAE-8F82-8BE3853010E6}.Debug|x64.ActiveCfg = Debug|Any CPU
		{C2CAD90E-C40D-4EAE-8F82-8BE3853010E6}.Debug|x64.Build.0 = Debug|Any CPU
		{C2CAD90E-C40D-4EAE-8F82-8BE3853010E6}.Debug|x86.ActiveCfg = Debug|Any CPU
		{C2CAD90E-C40D-4EAE-8F82-8BE3853010E6}.Debug|x86.Build.0 = Debug|Any CPU
		{C2CAD90E-C40D-4EAE-8F82-8BE3853010E6}.Release|Any CPU.ActiveCfg = Release|Any CPU
		{C2CAD90E-C40D-4EAE-8F82-8BE3853010E6}.Release|Any CPU.Build.0 = Release|Any CPU
		{C2CAD90E-C40D-4EAE-8F82-8BE3853010E6}.Release|ARM.ActiveCfg = Release|Any CPU
		{C2CAD90E-C40D-4EAE-8F82-8BE3853010E6}.Release|ARM.Build.0 = Release|Any CPU
		{C2CAD90E-C40D-4EAE-8F82-8BE3853010E6}.Release|x64.ActiveCfg = Release|Any CPU
		{C2CAD90E-C40D-4EAE-8F82-8BE3853010E6}.Release|x64.Build.0 = Release|Any CPU
		{C2CAD90E-C40D-4EAE-8F82-8BE3853010E6}.Release|x86.ActiveCfg = Release|Any CPU
		{C2CAD90E-C40D-4EAE-8F82-8BE3853010E6}.Release|x86.Build.0 = Release|Any CPU
		{A6DE6DB9-BB15-4AB5-97A7-2D414BB99E6E}.Debug|Any CPU.ActiveCfg = Debug|Any CPU
		{A6DE6DB9-BB15-4AB5-97A7-2D414BB99E6E}.Debug|Any CPU.Build.0 = Debug|Any CPU
		{A6DE6DB9-BB15-4AB5-97A7-2D414BB99E6E}.Debug|ARM.ActiveCfg = Debug|Any CPU
		{A6DE6DB9-BB15-4AB5-97A7-2D414BB99E6E}.Debug|ARM.Build.0 = Debug|Any CPU
		{A6DE6DB9-BB15-4AB5-97A7-2D414BB99E6E}.Debug|x64.ActiveCfg = Debug|Any CPU
		{A6DE6DB9-BB15-4AB5-97A7-2D414BB99E6E}.Debug|x64.Build.0 = Debug|Any CPU
		{A6DE6DB9-BB15-4AB5-97A7-2D414BB99E6E}.Debug|x86.ActiveCfg = Debug|Any CPU
		{A6DE6DB9-BB15-4AB5-97A7-2D414BB99E6E}.Debug|x86.Build.0 = Debug|Any CPU
		{A6DE6DB9-BB15-4AB5-97A7-2D414BB99E6E}.Release|Any CPU.ActiveCfg = Release|Any CPU
		{A6DE6DB9-BB15-4AB5-97A7-2D414BB99E6E}.Release|Any CPU.Build.0 = Release|Any CPU
		{A6DE6DB9-BB15-4AB5-97A7-2D414BB99E6E}.Release|ARM.ActiveCfg = Release|Any CPU
		{A6DE6DB9-BB15-4AB5-97A7-2D414BB99E6E}.Release|ARM.Build.0 = Release|Any CPU
		{A6DE6DB9-BB15-4AB5-97A7-2D414BB99E6E}.Release|x64.ActiveCfg = Release|Any CPU
		{A6DE6DB9-BB15-4AB5-97A7-2D414BB99E6E}.Release|x64.Build.0 = Release|Any CPU
		{A6DE6DB9-BB15-4AB5-97A7-2D414BB99E6E}.Release|x86.ActiveCfg = Release|Any CPU
		{A6DE6DB9-BB15-4AB5-97A7-2D414BB99E6E}.Release|x86.Build.0 = Release|Any CPU
		{61968883-483D-46F8-B41E-8977F4BCC931}.Debug|Any CPU.ActiveCfg = Debug|Any CPU
		{61968883-483D-46F8-B41E-8977F4BCC931}.Debug|Any CPU.Build.0 = Debug|Any CPU
		{61968883-483D-46F8-B41E-8977F4BCC931}.Debug|ARM.ActiveCfg = Debug|Any CPU
		{61968883-483D-46F8-B41E-8977F4BCC931}.Debug|ARM.Build.0 = Debug|Any CPU
		{61968883-483D-46F8-B41E-8977F4BCC931}.Debug|x64.ActiveCfg = Debug|Any CPU
		{61968883-483D-46F8-B41E-8977F4BCC931}.Debug|x64.Build.0 = Debug|Any CPU
		{61968883-483D-46F8-B41E-8977F4BCC931}.Debug|x86.ActiveCfg = Debug|Any CPU
		{61968883-483D-46F8-B41E-8977F4BCC931}.Debug|x86.Build.0 = Debug|Any CPU
		{61968883-483D-46F8-B41E-8977F4BCC931}.Release|Any CPU.ActiveCfg = Release|Any CPU
		{61968883-483D-46F8-B41E-8977F4BCC931}.Release|Any CPU.Build.0 = Release|Any CPU
		{61968883-483D-46F8-B41E-8977F4BCC931}.Release|ARM.ActiveCfg = Release|Any CPU
		{61968883-483D-46F8-B41E-8977F4BCC931}.Release|ARM.Build.0 = Release|Any CPU
		{61968883-483D-46F8-B41E-8977F4BCC931}.Release|x64.ActiveCfg = Release|Any CPU
		{61968883-483D-46F8-B41E-8977F4BCC931}.Release|x64.Build.0 = Release|Any CPU
		{61968883-483D-46F8-B41E-8977F4BCC931}.Release|x86.ActiveCfg = Release|Any CPU
		{61968883-483D-46F8-B41E-8977F4BCC931}.Release|x86.Build.0 = Release|Any CPU
		{A082141A-2421-4D6F-B6F3-4D246733E3E6}.Debug|Any CPU.ActiveCfg = Debug|Any CPU
		{A082141A-2421-4D6F-B6F3-4D246733E3E6}.Debug|Any CPU.Build.0 = Debug|Any CPU
		{A082141A-2421-4D6F-B6F3-4D246733E3E6}.Debug|ARM.ActiveCfg = Debug|Any CPU
		{A082141A-2421-4D6F-B6F3-4D246733E3E6}.Debug|ARM.Build.0 = Debug|Any CPU
		{A082141A-2421-4D6F-B6F3-4D246733E3E6}.Debug|x64.ActiveCfg = Debug|Any CPU
		{A082141A-2421-4D6F-B6F3-4D246733E3E6}.Debug|x64.Build.0 = Debug|Any CPU
		{A082141A-2421-4D6F-B6F3-4D246733E3E6}.Debug|x86.ActiveCfg = Debug|Any CPU
		{A082141A-2421-4D6F-B6F3-4D246733E3E6}.Debug|x86.Build.0 = Debug|Any CPU
		{A082141A-2421-4D6F-B6F3-4D246733E3E6}.Release|Any CPU.ActiveCfg = Release|Any CPU
		{A082141A-2421-4D6F-B6F3-4D246733E3E6}.Release|Any CPU.Build.0 = Release|Any CPU
		{A082141A-2421-4D6F-B6F3-4D246733E3E6}.Release|ARM.ActiveCfg = Release|Any CPU
		{A082141A-2421-4D6F-B6F3-4D246733E3E6}.Release|ARM.Build.0 = Release|Any CPU
		{A082141A-2421-4D6F-B6F3-4D246733E3E6}.Release|x64.ActiveCfg = Release|Any CPU
		{A082141A-2421-4D6F-B6F3-4D246733E3E6}.Release|x64.Build.0 = Release|Any CPU
		{A082141A-2421-4D6F-B6F3-4D246733E3E6}.Release|x86.ActiveCfg = Release|Any CPU
		{A082141A-2421-4D6F-B6F3-4D246733E3E6}.Release|x86.Build.0 = Release|Any CPU
		{27039CE7-EE2B-425E-B22E-F5258EDD070E}.Debug|Any CPU.ActiveCfg = Debug|Any CPU
		{27039CE7-EE2B-425E-B22E-F5258EDD070E}.Debug|Any CPU.Build.0 = Debug|Any CPU
		{27039CE7-EE2B-425E-B22E-F5258EDD070E}.Debug|ARM.ActiveCfg = Debug|Any CPU
		{27039CE7-EE2B-425E-B22E-F5258EDD070E}.Debug|ARM.Build.0 = Debug|Any CPU
		{27039CE7-EE2B-425E-B22E-F5258EDD070E}.Debug|x64.ActiveCfg = Debug|Any CPU
		{27039CE7-EE2B-425E-B22E-F5258EDD070E}.Debug|x64.Build.0 = Debug|Any CPU
		{27039CE7-EE2B-425E-B22E-F5258EDD070E}.Debug|x86.ActiveCfg = Debug|Any CPU
		{27039CE7-EE2B-425E-B22E-F5258EDD070E}.Debug|x86.Build.0 = Debug|Any CPU
		{27039CE7-EE2B-425E-B22E-F5258EDD070E}.Release|Any CPU.ActiveCfg = Release|Any CPU
		{27039CE7-EE2B-425E-B22E-F5258EDD070E}.Release|Any CPU.Build.0 = Release|Any CPU
		{27039CE7-EE2B-425E-B22E-F5258EDD070E}.Release|ARM.ActiveCfg = Release|Any CPU
		{27039CE7-EE2B-425E-B22E-F5258EDD070E}.Release|ARM.Build.0 = Release|Any CPU
		{27039CE7-EE2B-425E-B22E-F5258EDD070E}.Release|x64.ActiveCfg = Release|Any CPU
		{27039CE7-EE2B-425E-B22E-F5258EDD070E}.Release|x64.Build.0 = Release|Any CPU
		{27039CE7-EE2B-425E-B22E-F5258EDD070E}.Release|x86.ActiveCfg = Release|Any CPU
		{27039CE7-EE2B-425E-B22E-F5258EDD070E}.Release|x86.Build.0 = Release|Any CPU
		{4CC14C68-2D08-45BF-B166-FE8A2FCED7B8}.Debug|Any CPU.ActiveCfg = Debug|Any CPU
		{4CC14C68-2D08-45BF-B166-FE8A2FCED7B8}.Debug|Any CPU.Build.0 = Debug|Any CPU
		{4CC14C68-2D08-45BF-B166-FE8A2FCED7B8}.Debug|ARM.ActiveCfg = Debug|Any CPU
		{4CC14C68-2D08-45BF-B166-FE8A2FCED7B8}.Debug|ARM.Build.0 = Debug|Any CPU
		{4CC14C68-2D08-45BF-B166-FE8A2FCED7B8}.Debug|x64.ActiveCfg = Debug|Any CPU
		{4CC14C68-2D08-45BF-B166-FE8A2FCED7B8}.Debug|x64.Build.0 = Debug|Any CPU
		{4CC14C68-2D08-45BF-B166-FE8A2FCED7B8}.Debug|x86.ActiveCfg = Debug|Any CPU
		{4CC14C68-2D08-45BF-B166-FE8A2FCED7B8}.Debug|x86.Build.0 = Debug|Any CPU
		{4CC14C68-2D08-45BF-B166-FE8A2FCED7B8}.Release|Any CPU.ActiveCfg = Release|Any CPU
		{4CC14C68-2D08-45BF-B166-FE8A2FCED7B8}.Release|Any CPU.Build.0 = Release|Any CPU
		{4CC14C68-2D08-45BF-B166-FE8A2FCED7B8}.Release|ARM.ActiveCfg = Release|Any CPU
		{4CC14C68-2D08-45BF-B166-FE8A2FCED7B8}.Release|ARM.Build.0 = Release|Any CPU
		{4CC14C68-2D08-45BF-B166-FE8A2FCED7B8}.Release|x64.ActiveCfg = Release|Any CPU
		{4CC14C68-2D08-45BF-B166-FE8A2FCED7B8}.Release|x64.Build.0 = Release|Any CPU
		{4CC14C68-2D08-45BF-B166-FE8A2FCED7B8}.Release|x86.ActiveCfg = Release|Any CPU
		{4CC14C68-2D08-45BF-B166-FE8A2FCED7B8}.Release|x86.Build.0 = Release|Any CPU
		{287023A2-2334-4B71-9193-8E65FE536A56}.Debug|Any CPU.ActiveCfg = Debug|Any CPU
		{287023A2-2334-4B71-9193-8E65FE536A56}.Debug|Any CPU.Build.0 = Debug|Any CPU
		{287023A2-2334-4B71-9193-8E65FE536A56}.Debug|ARM.ActiveCfg = Debug|Any CPU
		{287023A2-2334-4B71-9193-8E65FE536A56}.Debug|ARM.Build.0 = Debug|Any CPU
		{287023A2-2334-4B71-9193-8E65FE536A56}.Debug|x64.ActiveCfg = Debug|Any CPU
		{287023A2-2334-4B71-9193-8E65FE536A56}.Debug|x64.Build.0 = Debug|Any CPU
		{287023A2-2334-4B71-9193-8E65FE536A56}.Debug|x86.ActiveCfg = Debug|Any CPU
		{287023A2-2334-4B71-9193-8E65FE536A56}.Debug|x86.Build.0 = Debug|Any CPU
		{287023A2-2334-4B71-9193-8E65FE536A56}.Release|Any CPU.ActiveCfg = Release|Any CPU
		{287023A2-2334-4B71-9193-8E65FE536A56}.Release|Any CPU.Build.0 = Release|Any CPU
		{287023A2-2334-4B71-9193-8E65FE536A56}.Release|ARM.ActiveCfg = Release|Any CPU
		{287023A2-2334-4B71-9193-8E65FE536A56}.Release|ARM.Build.0 = Release|Any CPU
		{287023A2-2334-4B71-9193-8E65FE536A56}.Release|x64.ActiveCfg = Release|Any CPU
		{287023A2-2334-4B71-9193-8E65FE536A56}.Release|x64.Build.0 = Release|Any CPU
		{287023A2-2334-4B71-9193-8E65FE536A56}.Release|x86.ActiveCfg = Release|Any CPU
		{287023A2-2334-4B71-9193-8E65FE536A56}.Release|x86.Build.0 = Release|Any CPU
		{0E8B05E9-3C2C-4A36-8DD8-3C3068421CCF}.Debug|Any CPU.ActiveCfg = Debug|Any CPU
		{0E8B05E9-3C2C-4A36-8DD8-3C3068421CCF}.Debug|Any CPU.Build.0 = Debug|Any CPU
		{0E8B05E9-3C2C-4A36-8DD8-3C3068421CCF}.Debug|ARM.ActiveCfg = Debug|Any CPU
		{0E8B05E9-3C2C-4A36-8DD8-3C3068421CCF}.Debug|ARM.Build.0 = Debug|Any CPU
		{0E8B05E9-3C2C-4A36-8DD8-3C3068421CCF}.Debug|x64.ActiveCfg = Debug|Any CPU
		{0E8B05E9-3C2C-4A36-8DD8-3C3068421CCF}.Debug|x64.Build.0 = Debug|Any CPU
		{0E8B05E9-3C2C-4A36-8DD8-3C3068421CCF}.Debug|x86.ActiveCfg = Debug|Any CPU
		{0E8B05E9-3C2C-4A36-8DD8-3C3068421CCF}.Debug|x86.Build.0 = Debug|Any CPU
		{0E8B05E9-3C2C-4A36-8DD8-3C3068421CCF}.Release|Any CPU.ActiveCfg = Release|Any CPU
		{0E8B05E9-3C2C-4A36-8DD8-3C3068421CCF}.Release|Any CPU.Build.0 = Release|Any CPU
		{0E8B05E9-3C2C-4A36-8DD8-3C3068421CCF}.Release|ARM.ActiveCfg = Release|Any CPU
		{0E8B05E9-3C2C-4A36-8DD8-3C3068421CCF}.Release|ARM.Build.0 = Release|Any CPU
		{0E8B05E9-3C2C-4A36-8DD8-3C3068421CCF}.Release|x64.ActiveCfg = Release|Any CPU
		{0E8B05E9-3C2C-4A36-8DD8-3C3068421CCF}.Release|x64.Build.0 = Release|Any CPU
		{0E8B05E9-3C2C-4A36-8DD8-3C3068421CCF}.Release|x86.ActiveCfg = Release|Any CPU
		{0E8B05E9-3C2C-4A36-8DD8-3C3068421CCF}.Release|x86.Build.0 = Release|Any CPU
		{F92C92E6-035C-48E5-A3D4-E54D7DD5D2BA}.Debug|Any CPU.ActiveCfg = Debug|Any CPU
		{F92C92E6-035C-48E5-A3D4-E54D7DD5D2BA}.Debug|Any CPU.Build.0 = Debug|Any CPU
		{F92C92E6-035C-48E5-A3D4-E54D7DD5D2BA}.Debug|ARM.ActiveCfg = Debug|Any CPU
		{F92C92E6-035C-48E5-A3D4-E54D7DD5D2BA}.Debug|ARM.Build.0 = Debug|Any CPU
		{F92C92E6-035C-48E5-A3D4-E54D7DD5D2BA}.Debug|x64.ActiveCfg = Debug|Any CPU
		{F92C92E6-035C-48E5-A3D4-E54D7DD5D2BA}.Debug|x64.Build.0 = Debug|Any CPU
		{F92C92E6-035C-48E5-A3D4-E54D7DD5D2BA}.Debug|x86.ActiveCfg = Debug|Any CPU
		{F92C92E6-035C-48E5-A3D4-E54D7DD5D2BA}.Debug|x86.Build.0 = Debug|Any CPU
		{F92C92E6-035C-48E5-A3D4-E54D7DD5D2BA}.Release|Any CPU.ActiveCfg = Release|Any CPU
		{F92C92E6-035C-48E5-A3D4-E54D7DD5D2BA}.Release|Any CPU.Build.0 = Release|Any CPU
		{F92C92E6-035C-48E5-A3D4-E54D7DD5D2BA}.Release|ARM.ActiveCfg = Release|Any CPU
		{F92C92E6-035C-48E5-A3D4-E54D7DD5D2BA}.Release|ARM.Build.0 = Release|Any CPU
		{F92C92E6-035C-48E5-A3D4-E54D7DD5D2BA}.Release|x64.ActiveCfg = Release|Any CPU
		{F92C92E6-035C-48E5-A3D4-E54D7DD5D2BA}.Release|x64.Build.0 = Release|Any CPU
		{F92C92E6-035C-48E5-A3D4-E54D7DD5D2BA}.Release|x86.ActiveCfg = Release|Any CPU
		{F92C92E6-035C-48E5-A3D4-E54D7DD5D2BA}.Release|x86.Build.0 = Release|Any CPU
		{DC11DBDD-5AB9-4458-BF57-49443F55B76C}.Debug|Any CPU.ActiveCfg = Debug|Any CPU
		{DC11DBDD-5AB9-4458-BF57-49443F55B76C}.Debug|Any CPU.Build.0 = Debug|Any CPU
		{DC11DBDD-5AB9-4458-BF57-49443F55B76C}.Debug|ARM.ActiveCfg = Debug|Any CPU
		{DC11DBDD-5AB9-4458-BF57-49443F55B76C}.Debug|ARM.Build.0 = Debug|Any CPU
		{DC11DBDD-5AB9-4458-BF57-49443F55B76C}.Debug|x64.ActiveCfg = Debug|Any CPU
		{DC11DBDD-5AB9-4458-BF57-49443F55B76C}.Debug|x64.Build.0 = Debug|Any CPU
		{DC11DBDD-5AB9-4458-BF57-49443F55B76C}.Debug|x86.ActiveCfg = Debug|Any CPU
		{DC11DBDD-5AB9-4458-BF57-49443F55B76C}.Debug|x86.Build.0 = Debug|Any CPU
		{DC11DBDD-5AB9-4458-BF57-49443F55B76C}.Release|Any CPU.ActiveCfg = Release|Any CPU
		{DC11DBDD-5AB9-4458-BF57-49443F55B76C}.Release|Any CPU.Build.0 = Release|Any CPU
		{DC11DBDD-5AB9-4458-BF57-49443F55B76C}.Release|ARM.ActiveCfg = Release|Any CPU
		{DC11DBDD-5AB9-4458-BF57-49443F55B76C}.Release|ARM.Build.0 = Release|Any CPU
		{DC11DBDD-5AB9-4458-BF57-49443F55B76C}.Release|x64.ActiveCfg = Release|Any CPU
		{DC11DBDD-5AB9-4458-BF57-49443F55B76C}.Release|x64.Build.0 = Release|Any CPU
		{DC11DBDD-5AB9-4458-BF57-49443F55B76C}.Release|x86.ActiveCfg = Release|Any CPU
		{DC11DBDD-5AB9-4458-BF57-49443F55B76C}.Release|x86.Build.0 = Release|Any CPU
		{470E2A46-4FC5-4033-9803-A215196954A6}.Debug|Any CPU.ActiveCfg = Debug|Any CPU
		{470E2A46-4FC5-4033-9803-A215196954A6}.Debug|Any CPU.Build.0 = Debug|Any CPU
		{470E2A46-4FC5-4033-9803-A215196954A6}.Debug|ARM.ActiveCfg = Debug|Any CPU
		{470E2A46-4FC5-4033-9803-A215196954A6}.Debug|ARM.Build.0 = Debug|Any CPU
		{470E2A46-4FC5-4033-9803-A215196954A6}.Debug|x64.ActiveCfg = Debug|Any CPU
		{470E2A46-4FC5-4033-9803-A215196954A6}.Debug|x64.Build.0 = Debug|Any CPU
		{470E2A46-4FC5-4033-9803-A215196954A6}.Debug|x86.ActiveCfg = Debug|Any CPU
		{470E2A46-4FC5-4033-9803-A215196954A6}.Debug|x86.Build.0 = Debug|Any CPU
		{470E2A46-4FC5-4033-9803-A215196954A6}.Release|Any CPU.ActiveCfg = Release|Any CPU
		{470E2A46-4FC5-4033-9803-A215196954A6}.Release|Any CPU.Build.0 = Release|Any CPU
		{470E2A46-4FC5-4033-9803-A215196954A6}.Release|ARM.ActiveCfg = Release|Any CPU
		{470E2A46-4FC5-4033-9803-A215196954A6}.Release|ARM.Build.0 = Release|Any CPU
		{470E2A46-4FC5-4033-9803-A215196954A6}.Release|x64.ActiveCfg = Release|Any CPU
		{470E2A46-4FC5-4033-9803-A215196954A6}.Release|x64.Build.0 = Release|Any CPU
		{470E2A46-4FC5-4033-9803-A215196954A6}.Release|x86.ActiveCfg = Release|Any CPU
		{470E2A46-4FC5-4033-9803-A215196954A6}.Release|x86.Build.0 = Release|Any CPU
		{D4F793D4-E12A-472A-8867-FF0DE00F7D02}.Debug|Any CPU.ActiveCfg = Debug|Any CPU
		{D4F793D4-E12A-472A-8867-FF0DE00F7D02}.Debug|Any CPU.Build.0 = Debug|Any CPU
		{D4F793D4-E12A-472A-8867-FF0DE00F7D02}.Debug|ARM.ActiveCfg = Debug|Any CPU
		{D4F793D4-E12A-472A-8867-FF0DE00F7D02}.Debug|ARM.Build.0 = Debug|Any CPU
		{D4F793D4-E12A-472A-8867-FF0DE00F7D02}.Debug|x64.ActiveCfg = Debug|Any CPU
		{D4F793D4-E12A-472A-8867-FF0DE00F7D02}.Debug|x64.Build.0 = Debug|Any CPU
		{D4F793D4-E12A-472A-8867-FF0DE00F7D02}.Debug|x86.ActiveCfg = Debug|Any CPU
		{D4F793D4-E12A-472A-8867-FF0DE00F7D02}.Debug|x86.Build.0 = Debug|Any CPU
		{D4F793D4-E12A-472A-8867-FF0DE00F7D02}.Release|Any CPU.ActiveCfg = Release|Any CPU
		{D4F793D4-E12A-472A-8867-FF0DE00F7D02}.Release|Any CPU.Build.0 = Release|Any CPU
		{D4F793D4-E12A-472A-8867-FF0DE00F7D02}.Release|ARM.ActiveCfg = Release|Any CPU
		{D4F793D4-E12A-472A-8867-FF0DE00F7D02}.Release|ARM.Build.0 = Release|Any CPU
		{D4F793D4-E12A-472A-8867-FF0DE00F7D02}.Release|x64.ActiveCfg = Release|Any CPU
		{D4F793D4-E12A-472A-8867-FF0DE00F7D02}.Release|x64.Build.0 = Release|Any CPU
		{D4F793D4-E12A-472A-8867-FF0DE00F7D02}.Release|x86.ActiveCfg = Release|Any CPU
		{D4F793D4-E12A-472A-8867-FF0DE00F7D02}.Release|x86.Build.0 = Release|Any CPU
		{E92E5A13-F08B-4458-BD48-C9B6559477CF}.Debug|Any CPU.ActiveCfg = Debug|Any CPU
		{E92E5A13-F08B-4458-BD48-C9B6559477CF}.Debug|Any CPU.Build.0 = Debug|Any CPU
		{E92E5A13-F08B-4458-BD48-C9B6559477CF}.Debug|ARM.ActiveCfg = Debug|Any CPU
		{E92E5A13-F08B-4458-BD48-C9B6559477CF}.Debug|ARM.Build.0 = Debug|Any CPU
		{E92E5A13-F08B-4458-BD48-C9B6559477CF}.Debug|x64.ActiveCfg = Debug|Any CPU
		{E92E5A13-F08B-4458-BD48-C9B6559477CF}.Debug|x64.Build.0 = Debug|Any CPU
		{E92E5A13-F08B-4458-BD48-C9B6559477CF}.Debug|x86.ActiveCfg = Debug|Any CPU
		{E92E5A13-F08B-4458-BD48-C9B6559477CF}.Debug|x86.Build.0 = Debug|Any CPU
		{E92E5A13-F08B-4458-BD48-C9B6559477CF}.Release|Any CPU.ActiveCfg = Release|Any CPU
		{E92E5A13-F08B-4458-BD48-C9B6559477CF}.Release|Any CPU.Build.0 = Release|Any CPU
		{E92E5A13-F08B-4458-BD48-C9B6559477CF}.Release|ARM.ActiveCfg = Release|Any CPU
		{E92E5A13-F08B-4458-BD48-C9B6559477CF}.Release|ARM.Build.0 = Release|Any CPU
		{E92E5A13-F08B-4458-BD48-C9B6559477CF}.Release|x64.ActiveCfg = Release|Any CPU
		{E92E5A13-F08B-4458-BD48-C9B6559477CF}.Release|x64.Build.0 = Release|Any CPU
		{E92E5A13-F08B-4458-BD48-C9B6559477CF}.Release|x86.ActiveCfg = Release|Any CPU
		{E92E5A13-F08B-4458-BD48-C9B6559477CF}.Release|x86.Build.0 = Release|Any CPU
		{35D81711-039F-4913-A9EE-EBAE3CBDD010}.Debug|Any CPU.ActiveCfg = Debug|Any CPU
		{35D81711-039F-4913-A9EE-EBAE3CBDD010}.Debug|Any CPU.Build.0 = Debug|Any CPU
		{35D81711-039F-4913-A9EE-EBAE3CBDD010}.Debug|ARM.ActiveCfg = Debug|Any CPU
		{35D81711-039F-4913-A9EE-EBAE3CBDD010}.Debug|ARM.Build.0 = Debug|Any CPU
		{35D81711-039F-4913-A9EE-EBAE3CBDD010}.Debug|x64.ActiveCfg = Debug|Any CPU
		{35D81711-039F-4913-A9EE-EBAE3CBDD010}.Debug|x64.Build.0 = Debug|Any CPU
		{35D81711-039F-4913-A9EE-EBAE3CBDD010}.Debug|x86.ActiveCfg = Debug|Any CPU
		{35D81711-039F-4913-A9EE-EBAE3CBDD010}.Debug|x86.Build.0 = Debug|Any CPU
		{35D81711-039F-4913-A9EE-EBAE3CBDD010}.Release|Any CPU.ActiveCfg = Release|Any CPU
		{35D81711-039F-4913-A9EE-EBAE3CBDD010}.Release|Any CPU.Build.0 = Release|Any CPU
		{35D81711-039F-4913-A9EE-EBAE3CBDD010}.Release|ARM.ActiveCfg = Release|Any CPU
		{35D81711-039F-4913-A9EE-EBAE3CBDD010}.Release|ARM.Build.0 = Release|Any CPU
		{35D81711-039F-4913-A9EE-EBAE3CBDD010}.Release|x64.ActiveCfg = Release|Any CPU
		{35D81711-039F-4913-A9EE-EBAE3CBDD010}.Release|x64.Build.0 = Release|Any CPU
		{35D81711-039F-4913-A9EE-EBAE3CBDD010}.Release|x86.ActiveCfg = Release|Any CPU
		{35D81711-039F-4913-A9EE-EBAE3CBDD010}.Release|x86.Build.0 = Release|Any CPU
		{6A794DB8-C54B-4185-9E68-E8DF63589171}.Debug|Any CPU.ActiveCfg = Debug|Any CPU
		{6A794DB8-C54B-4185-9E68-E8DF63589171}.Debug|Any CPU.Build.0 = Debug|Any CPU
		{6A794DB8-C54B-4185-9E68-E8DF63589171}.Debug|ARM.ActiveCfg = Debug|Any CPU
		{6A794DB8-C54B-4185-9E68-E8DF63589171}.Debug|ARM.Build.0 = Debug|Any CPU
		{6A794DB8-C54B-4185-9E68-E8DF63589171}.Debug|x64.ActiveCfg = Debug|Any CPU
		{6A794DB8-C54B-4185-9E68-E8DF63589171}.Debug|x64.Build.0 = Debug|Any CPU
		{6A794DB8-C54B-4185-9E68-E8DF63589171}.Debug|x86.ActiveCfg = Debug|Any CPU
		{6A794DB8-C54B-4185-9E68-E8DF63589171}.Debug|x86.Build.0 = Debug|Any CPU
		{6A794DB8-C54B-4185-9E68-E8DF63589171}.Release|Any CPU.ActiveCfg = Release|Any CPU
		{6A794DB8-C54B-4185-9E68-E8DF63589171}.Release|Any CPU.Build.0 = Release|Any CPU
		{6A794DB8-C54B-4185-9E68-E8DF63589171}.Release|ARM.ActiveCfg = Release|Any CPU
		{6A794DB8-C54B-4185-9E68-E8DF63589171}.Release|ARM.Build.0 = Release|Any CPU
		{6A794DB8-C54B-4185-9E68-E8DF63589171}.Release|x64.ActiveCfg = Release|Any CPU
		{6A794DB8-C54B-4185-9E68-E8DF63589171}.Release|x64.Build.0 = Release|Any CPU
		{6A794DB8-C54B-4185-9E68-E8DF63589171}.Release|x86.ActiveCfg = Release|Any CPU
		{6A794DB8-C54B-4185-9E68-E8DF63589171}.Release|x86.Build.0 = Release|Any CPU
		{7C592CF3-E841-437F-948B-340C0BE292B5}.Debug|Any CPU.ActiveCfg = Debug|Any CPU
		{7C592CF3-E841-437F-948B-340C0BE292B5}.Debug|Any CPU.Build.0 = Debug|Any CPU
		{7C592CF3-E841-437F-948B-340C0BE292B5}.Debug|ARM.ActiveCfg = Debug|Any CPU
		{7C592CF3-E841-437F-948B-340C0BE292B5}.Debug|ARM.Build.0 = Debug|Any CPU
		{7C592CF3-E841-437F-948B-340C0BE292B5}.Debug|x64.ActiveCfg = Debug|Any CPU
		{7C592CF3-E841-437F-948B-340C0BE292B5}.Debug|x64.Build.0 = Debug|Any CPU
		{7C592CF3-E841-437F-948B-340C0BE292B5}.Debug|x86.ActiveCfg = Debug|Any CPU
		{7C592CF3-E841-437F-948B-340C0BE292B5}.Debug|x86.Build.0 = Debug|Any CPU
		{7C592CF3-E841-437F-948B-340C0BE292B5}.Release|Any CPU.ActiveCfg = Release|Any CPU
		{7C592CF3-E841-437F-948B-340C0BE292B5}.Release|Any CPU.Build.0 = Release|Any CPU
		{7C592CF3-E841-437F-948B-340C0BE292B5}.Release|ARM.ActiveCfg = Release|Any CPU
		{7C592CF3-E841-437F-948B-340C0BE292B5}.Release|ARM.Build.0 = Release|Any CPU
		{7C592CF3-E841-437F-948B-340C0BE292B5}.Release|x64.ActiveCfg = Release|Any CPU
		{7C592CF3-E841-437F-948B-340C0BE292B5}.Release|x64.Build.0 = Release|Any CPU
		{7C592CF3-E841-437F-948B-340C0BE292B5}.Release|x86.ActiveCfg = Release|Any CPU
		{7C592CF3-E841-437F-948B-340C0BE292B5}.Release|x86.Build.0 = Release|Any CPU
		{3434BF85-ED06-4EFA-9565-E0C0FA2A9B20}.Debug|Any CPU.ActiveCfg = Debug|Any CPU
		{3434BF85-ED06-4EFA-9565-E0C0FA2A9B20}.Debug|Any CPU.Build.0 = Debug|Any CPU
		{3434BF85-ED06-4EFA-9565-E0C0FA2A9B20}.Debug|ARM.ActiveCfg = Debug|Any CPU
		{3434BF85-ED06-4EFA-9565-E0C0FA2A9B20}.Debug|ARM.Build.0 = Debug|Any CPU
		{3434BF85-ED06-4EFA-9565-E0C0FA2A9B20}.Debug|x64.ActiveCfg = Debug|Any CPU
		{3434BF85-ED06-4EFA-9565-E0C0FA2A9B20}.Debug|x64.Build.0 = Debug|Any CPU
		{3434BF85-ED06-4EFA-9565-E0C0FA2A9B20}.Debug|x86.ActiveCfg = Debug|Any CPU
		{3434BF85-ED06-4EFA-9565-E0C0FA2A9B20}.Debug|x86.Build.0 = Debug|Any CPU
		{3434BF85-ED06-4EFA-9565-E0C0FA2A9B20}.Release|Any CPU.ActiveCfg = Release|Any CPU
		{3434BF85-ED06-4EFA-9565-E0C0FA2A9B20}.Release|Any CPU.Build.0 = Release|Any CPU
		{3434BF85-ED06-4EFA-9565-E0C0FA2A9B20}.Release|ARM.ActiveCfg = Release|Any CPU
		{3434BF85-ED06-4EFA-9565-E0C0FA2A9B20}.Release|ARM.Build.0 = Release|Any CPU
		{3434BF85-ED06-4EFA-9565-E0C0FA2A9B20}.Release|x64.ActiveCfg = Release|Any CPU
		{3434BF85-ED06-4EFA-9565-E0C0FA2A9B20}.Release|x64.Build.0 = Release|Any CPU
		{3434BF85-ED06-4EFA-9565-E0C0FA2A9B20}.Release|x86.ActiveCfg = Release|Any CPU
		{3434BF85-ED06-4EFA-9565-E0C0FA2A9B20}.Release|x86.Build.0 = Release|Any CPU
		{313F5834-DD75-45B6-AE40-D5006C0ADC0E}.Debug|Any CPU.ActiveCfg = Debug|Any CPU
		{313F5834-DD75-45B6-AE40-D5006C0ADC0E}.Debug|Any CPU.Build.0 = Debug|Any CPU
		{313F5834-DD75-45B6-AE40-D5006C0ADC0E}.Debug|ARM.ActiveCfg = Debug|Any CPU
		{313F5834-DD75-45B6-AE40-D5006C0ADC0E}.Debug|ARM.Build.0 = Debug|Any CPU
		{313F5834-DD75-45B6-AE40-D5006C0ADC0E}.Debug|x64.ActiveCfg = Debug|Any CPU
		{313F5834-DD75-45B6-AE40-D5006C0ADC0E}.Debug|x64.Build.0 = Debug|Any CPU
		{313F5834-DD75-45B6-AE40-D5006C0ADC0E}.Debug|x86.ActiveCfg = Debug|Any CPU
		{313F5834-DD75-45B6-AE40-D5006C0ADC0E}.Debug|x86.Build.0 = Debug|Any CPU
		{313F5834-DD75-45B6-AE40-D5006C0ADC0E}.Release|Any CPU.ActiveCfg = Release|Any CPU
		{313F5834-DD75-45B6-AE40-D5006C0ADC0E}.Release|Any CPU.Build.0 = Release|Any CPU
		{313F5834-DD75-45B6-AE40-D5006C0ADC0E}.Release|ARM.ActiveCfg = Release|Any CPU
		{313F5834-DD75-45B6-AE40-D5006C0ADC0E}.Release|ARM.Build.0 = Release|Any CPU
		{313F5834-DD75-45B6-AE40-D5006C0ADC0E}.Release|x64.ActiveCfg = Release|Any CPU
		{313F5834-DD75-45B6-AE40-D5006C0ADC0E}.Release|x64.Build.0 = Release|Any CPU
		{313F5834-DD75-45B6-AE40-D5006C0ADC0E}.Release|x86.ActiveCfg = Release|Any CPU
		{313F5834-DD75-45B6-AE40-D5006C0ADC0E}.Release|x86.Build.0 = Release|Any CPU
		{66A1DB40-7D97-4014-9920-8425E6A22345}.Debug|Any CPU.ActiveCfg = Debug|Any CPU
		{66A1DB40-7D97-4014-9920-8425E6A22345}.Debug|Any CPU.Build.0 = Debug|Any CPU
		{66A1DB40-7D97-4014-9920-8425E6A22345}.Debug|ARM.ActiveCfg = Debug|Any CPU
		{66A1DB40-7D97-4014-9920-8425E6A22345}.Debug|ARM.Build.0 = Debug|Any CPU
		{66A1DB40-7D97-4014-9920-8425E6A22345}.Debug|x64.ActiveCfg = Debug|Any CPU
		{66A1DB40-7D97-4014-9920-8425E6A22345}.Debug|x64.Build.0 = Debug|Any CPU
		{66A1DB40-7D97-4014-9920-8425E6A22345}.Debug|x86.ActiveCfg = Debug|Any CPU
		{66A1DB40-7D97-4014-9920-8425E6A22345}.Debug|x86.Build.0 = Debug|Any CPU
		{66A1DB40-7D97-4014-9920-8425E6A22345}.Release|Any CPU.ActiveCfg = Release|Any CPU
		{66A1DB40-7D97-4014-9920-8425E6A22345}.Release|Any CPU.Build.0 = Release|Any CPU
		{66A1DB40-7D97-4014-9920-8425E6A22345}.Release|ARM.ActiveCfg = Release|Any CPU
		{66A1DB40-7D97-4014-9920-8425E6A22345}.Release|ARM.Build.0 = Release|Any CPU
		{66A1DB40-7D97-4014-9920-8425E6A22345}.Release|x64.ActiveCfg = Release|Any CPU
		{66A1DB40-7D97-4014-9920-8425E6A22345}.Release|x64.Build.0 = Release|Any CPU
		{66A1DB40-7D97-4014-9920-8425E6A22345}.Release|x86.ActiveCfg = Release|Any CPU
		{66A1DB40-7D97-4014-9920-8425E6A22345}.Release|x86.Build.0 = Release|Any CPU
		{619C46E9-EC00-4F6F-840C-B7EA9E51BA33}.Debug|Any CPU.ActiveCfg = Debug|Any CPU
		{619C46E9-EC00-4F6F-840C-B7EA9E51BA33}.Debug|Any CPU.Build.0 = Debug|Any CPU
		{619C46E9-EC00-4F6F-840C-B7EA9E51BA33}.Debug|ARM.ActiveCfg = Debug|Any CPU
		{619C46E9-EC00-4F6F-840C-B7EA9E51BA33}.Debug|ARM.Build.0 = Debug|Any CPU
		{619C46E9-EC00-4F6F-840C-B7EA9E51BA33}.Debug|x64.ActiveCfg = Debug|Any CPU
		{619C46E9-EC00-4F6F-840C-B7EA9E51BA33}.Debug|x64.Build.0 = Debug|Any CPU
		{619C46E9-EC00-4F6F-840C-B7EA9E51BA33}.Debug|x86.ActiveCfg = Debug|Any CPU
		{619C46E9-EC00-4F6F-840C-B7EA9E51BA33}.Debug|x86.Build.0 = Debug|Any CPU
		{619C46E9-EC00-4F6F-840C-B7EA9E51BA33}.Release|Any CPU.ActiveCfg = Release|Any CPU
		{619C46E9-EC00-4F6F-840C-B7EA9E51BA33}.Release|Any CPU.Build.0 = Release|Any CPU
		{619C46E9-EC00-4F6F-840C-B7EA9E51BA33}.Release|ARM.ActiveCfg = Release|Any CPU
		{619C46E9-EC00-4F6F-840C-B7EA9E51BA33}.Release|ARM.Build.0 = Release|Any CPU
		{619C46E9-EC00-4F6F-840C-B7EA9E51BA33}.Release|x64.ActiveCfg = Release|Any CPU
		{619C46E9-EC00-4F6F-840C-B7EA9E51BA33}.Release|x64.Build.0 = Release|Any CPU
		{619C46E9-EC00-4F6F-840C-B7EA9E51BA33}.Release|x86.ActiveCfg = Release|Any CPU
		{619C46E9-EC00-4F6F-840C-B7EA9E51BA33}.Release|x86.Build.0 = Release|Any CPU
		{2C367B09-57E5-41CE-9E82-A733C377110E}.Debug|Any CPU.ActiveCfg = Debug|Any CPU
		{2C367B09-57E5-41CE-9E82-A733C377110E}.Debug|Any CPU.Build.0 = Debug|Any CPU
		{2C367B09-57E5-41CE-9E82-A733C377110E}.Debug|ARM.ActiveCfg = Debug|Any CPU
		{2C367B09-57E5-41CE-9E82-A733C377110E}.Debug|ARM.Build.0 = Debug|Any CPU
		{2C367B09-57E5-41CE-9E82-A733C377110E}.Debug|x64.ActiveCfg = Debug|Any CPU
		{2C367B09-57E5-41CE-9E82-A733C377110E}.Debug|x64.Build.0 = Debug|Any CPU
		{2C367B09-57E5-41CE-9E82-A733C377110E}.Debug|x86.ActiveCfg = Debug|Any CPU
		{2C367B09-57E5-41CE-9E82-A733C377110E}.Debug|x86.Build.0 = Debug|Any CPU
		{2C367B09-57E5-41CE-9E82-A733C377110E}.Release|Any CPU.ActiveCfg = Release|Any CPU
		{2C367B09-57E5-41CE-9E82-A733C377110E}.Release|Any CPU.Build.0 = Release|Any CPU
		{2C367B09-57E5-41CE-9E82-A733C377110E}.Release|ARM.ActiveCfg = Release|Any CPU
		{2C367B09-57E5-41CE-9E82-A733C377110E}.Release|ARM.Build.0 = Release|Any CPU
		{2C367B09-57E5-41CE-9E82-A733C377110E}.Release|x64.ActiveCfg = Release|Any CPU
		{2C367B09-57E5-41CE-9E82-A733C377110E}.Release|x64.Build.0 = Release|Any CPU
		{2C367B09-57E5-41CE-9E82-A733C377110E}.Release|x86.ActiveCfg = Release|Any CPU
		{2C367B09-57E5-41CE-9E82-A733C377110E}.Release|x86.Build.0 = Release|Any CPU
		{A8C61CD6-E4BC-458D-BC99-2482387521A8}.Debug|Any CPU.ActiveCfg = Debug|Any CPU
		{A8C61CD6-E4BC-458D-BC99-2482387521A8}.Debug|Any CPU.Build.0 = Debug|Any CPU
		{A8C61CD6-E4BC-458D-BC99-2482387521A8}.Debug|ARM.ActiveCfg = Debug|Any CPU
		{A8C61CD6-E4BC-458D-BC99-2482387521A8}.Debug|ARM.Build.0 = Debug|Any CPU
		{A8C61CD6-E4BC-458D-BC99-2482387521A8}.Debug|x64.ActiveCfg = Debug|Any CPU
		{A8C61CD6-E4BC-458D-BC99-2482387521A8}.Debug|x64.Build.0 = Debug|Any CPU
		{A8C61CD6-E4BC-458D-BC99-2482387521A8}.Debug|x86.ActiveCfg = Debug|Any CPU
		{A8C61CD6-E4BC-458D-BC99-2482387521A8}.Debug|x86.Build.0 = Debug|Any CPU
		{A8C61CD6-E4BC-458D-BC99-2482387521A8}.Release|Any CPU.ActiveCfg = Release|Any CPU
		{A8C61CD6-E4BC-458D-BC99-2482387521A8}.Release|Any CPU.Build.0 = Release|Any CPU
		{A8C61CD6-E4BC-458D-BC99-2482387521A8}.Release|ARM.ActiveCfg = Release|Any CPU
		{A8C61CD6-E4BC-458D-BC99-2482387521A8}.Release|ARM.Build.0 = Release|Any CPU
		{A8C61CD6-E4BC-458D-BC99-2482387521A8}.Release|x64.ActiveCfg = Release|Any CPU
		{A8C61CD6-E4BC-458D-BC99-2482387521A8}.Release|x64.Build.0 = Release|Any CPU
		{A8C61CD6-E4BC-458D-BC99-2482387521A8}.Release|x86.ActiveCfg = Release|Any CPU
		{A8C61CD6-E4BC-458D-BC99-2482387521A8}.Release|x86.Build.0 = Release|Any CPU
		{9C2FB8E8-E9E3-4EF7-B984-85DC51DAA07C}.Debug|Any CPU.ActiveCfg = Debug|Any CPU
		{9C2FB8E8-E9E3-4EF7-B984-85DC51DAA07C}.Debug|Any CPU.Build.0 = Debug|Any CPU
		{9C2FB8E8-E9E3-4EF7-B984-85DC51DAA07C}.Debug|ARM.ActiveCfg = Debug|Any CPU
		{9C2FB8E8-E9E3-4EF7-B984-85DC51DAA07C}.Debug|ARM.Build.0 = Debug|Any CPU
		{9C2FB8E8-E9E3-4EF7-B984-85DC51DAA07C}.Debug|x64.ActiveCfg = Debug|Any CPU
		{9C2FB8E8-E9E3-4EF7-B984-85DC51DAA07C}.Debug|x64.Build.0 = Debug|Any CPU
		{9C2FB8E8-E9E3-4EF7-B984-85DC51DAA07C}.Debug|x86.ActiveCfg = Debug|Any CPU
		{9C2FB8E8-E9E3-4EF7-B984-85DC51DAA07C}.Debug|x86.Build.0 = Debug|Any CPU
		{9C2FB8E8-E9E3-4EF7-B984-85DC51DAA07C}.Release|Any CPU.ActiveCfg = Release|Any CPU
		{9C2FB8E8-E9E3-4EF7-B984-85DC51DAA07C}.Release|Any CPU.Build.0 = Release|Any CPU
		{9C2FB8E8-E9E3-4EF7-B984-85DC51DAA07C}.Release|ARM.ActiveCfg = Release|Any CPU
		{9C2FB8E8-E9E3-4EF7-B984-85DC51DAA07C}.Release|ARM.Build.0 = Release|Any CPU
		{9C2FB8E8-E9E3-4EF7-B984-85DC51DAA07C}.Release|x64.ActiveCfg = Release|Any CPU
		{9C2FB8E8-E9E3-4EF7-B984-85DC51DAA07C}.Release|x64.Build.0 = Release|Any CPU
		{9C2FB8E8-E9E3-4EF7-B984-85DC51DAA07C}.Release|x86.ActiveCfg = Release|Any CPU
		{9C2FB8E8-E9E3-4EF7-B984-85DC51DAA07C}.Release|x86.Build.0 = Release|Any CPU
		{F8F719C0-F273-48FA-B5B4-BEEB55A85731}.Debug|Any CPU.ActiveCfg = Debug|Any CPU
		{F8F719C0-F273-48FA-B5B4-BEEB55A85731}.Debug|Any CPU.Build.0 = Debug|Any CPU
		{F8F719C0-F273-48FA-B5B4-BEEB55A85731}.Debug|ARM.ActiveCfg = Debug|Any CPU
		{F8F719C0-F273-48FA-B5B4-BEEB55A85731}.Debug|ARM.Build.0 = Debug|Any CPU
		{F8F719C0-F273-48FA-B5B4-BEEB55A85731}.Debug|x64.ActiveCfg = Debug|Any CPU
		{F8F719C0-F273-48FA-B5B4-BEEB55A85731}.Debug|x64.Build.0 = Debug|Any CPU
		{F8F719C0-F273-48FA-B5B4-BEEB55A85731}.Debug|x86.ActiveCfg = Debug|Any CPU
		{F8F719C0-F273-48FA-B5B4-BEEB55A85731}.Debug|x86.Build.0 = Debug|Any CPU
		{F8F719C0-F273-48FA-B5B4-BEEB55A85731}.Release|Any CPU.ActiveCfg = Release|Any CPU
		{F8F719C0-F273-48FA-B5B4-BEEB55A85731}.Release|Any CPU.Build.0 = Release|Any CPU
		{F8F719C0-F273-48FA-B5B4-BEEB55A85731}.Release|ARM.ActiveCfg = Release|Any CPU
		{F8F719C0-F273-48FA-B5B4-BEEB55A85731}.Release|ARM.Build.0 = Release|Any CPU
		{F8F719C0-F273-48FA-B5B4-BEEB55A85731}.Release|x64.ActiveCfg = Release|Any CPU
		{F8F719C0-F273-48FA-B5B4-BEEB55A85731}.Release|x64.Build.0 = Release|Any CPU
		{F8F719C0-F273-48FA-B5B4-BEEB55A85731}.Release|x86.ActiveCfg = Release|Any CPU
		{F8F719C0-F273-48FA-B5B4-BEEB55A85731}.Release|x86.Build.0 = Release|Any CPU
	EndGlobalSection
	GlobalSection(SolutionProperties) = preSolution
		HideSolutionNode = FALSE
	EndGlobalSection
	GlobalSection(ExtensibilityGlobals) = postSolution
		SolutionGuid = {6883E0F1-0A68-47A1-B764-BA0361271A49}
	EndGlobalSection
	GlobalSection(TeamFoundationVersionControl) = preSolution
		SccNumberOfProjects = 32
		SccEnterpriseProvider = {4CA58AB2-18FA-4F8D-95D4-32DDF27D184C}
		SccTeamFoundationServer = http://190.12.19.98:9090/tfs/wace
		SccLocalPath0 = .
		SccProjectUniqueName1 = activosfijos\\activosfijos.csproj
		SccProjectName1 = activosfijos
		SccLocalPath1 = activosfijos
		SccProjectUniqueName2 = amortizacion\\amortizacion.csproj
		SccProjectName2 = amortizacion
		SccLocalPath2 = amortizacion
		SccProjectUniqueName3 = archivosBI\\archivosBI.csproj
		SccProjectName3 = archivosBI
		SccLocalPath3 = archivosBI
		SccProjectUniqueName4 = bancaenlinea\\bancaenlinea.csproj
		SccProjectName4 = bancaenlinea
		SccLocalPath4 = bancaenlinea
		SccProjectUniqueName5 = bancamovil\\bancamovil.csproj
		SccProjectName5 = bancamovil
		SccLocalPath5 = bancamovil
		SccProjectUniqueName6 = cartera\\cartera.csproj
		SccProjectName6 = cartera
		SccLocalPath6 = cartera
		SccProjectUniqueName7 = cobranza\\cobranza.csproj
		SccProjectName7 = cobranza
		SccLocalPath7 = cobranza
		SccProjectUniqueName8 = contabilidad\\contabilidad.csproj
		SccProjectName8 = contabilidad
		SccLocalPath8 = contabilidad
		SccProjectUniqueName9 = core\\core.csproj
		SccProjectName9 = core
		SccLocalPath9 = core
		SccProjectUniqueName10 = dal\\dal.csproj
		SccProjectName10 = dal
		SccLocalPath10 = dal
		SccProjectUniqueName11 = facturacionelectronica\\facturacionelectronica.csproj
		SccProjectName11 = facturacionelectronica
		SccLocalPath11 = facturacionelectronica
		SccProjectUniqueName12 = garantias\\garantias.csproj
		SccProjectName12 = garantias
		SccLocalPath12 = garantias
		SccProjectUniqueName13 = general\\general.csproj
		SccProjectName13 = general
		SccLocalPath13 = general
		SccProjectUniqueName14 = inversiones\\inversiones.csproj
		SccProjectName14 = inversiones
		SccLocalPath14 = inversiones
		SccProjectUniqueName15 = lote\\lote.csproj
		SccProjectName15 = lote
		SccLocalPath15 = lote
		SccProjectUniqueName16 = modelo\\modelo.csproj
		SccProjectName16 = modelo
		SccLocalPath16 = modelo
		SccProjectUniqueName17 = monetario\\monetario.csproj
		SccProjectName17 = monetario
		SccLocalPath17 = monetario
		SccProjectUniqueName18 = organismosdecontrol\\organismosdecontrol.csproj
		SccProjectName18 = organismosdecontrol
		SccLocalPath18 = organismosdecontrol
		SccProjectUniqueName19 = persona\\persona.csproj
		SccProjectName19 = persona
		SccLocalPath19 = persona
		SccProjectUniqueName20 = prestaciones\\prestaciones.csproj
		SccProjectName20 = prestaciones
		SccLocalPath20 = prestaciones
		SccProjectUniqueName21 = presupuesto\\presupuesto.csproj
		SccProjectName21 = presupuesto
		SccLocalPath21 = presupuesto
		SccProjectUniqueName22 = seguridad\\seguridad.csproj
		SccProjectName22 = seguridad
		SccLocalPath22 = seguridad
		SccProjectUniqueName23 = seguros\\seguros.csproj
		SccProjectName23 = seguros
		SccLocalPath23 = seguros
		SccProjectUniqueName24 = socio\\socio.csproj
		SccProjectName24 = socio
		SccLocalPath24 = socio
		SccProjectUniqueName25 = talentohumano\\talentohumano.csproj
		SccProjectName25 = talentohumano
		SccLocalPath25 = talentohumano
		SccProjectUniqueName26 = Tesoreria\\tesoreria.csproj
		SccProjectName26 = Tesoreria
		SccLocalPath26 = Tesoreria
		SccProjectUniqueName27 = util\\util.csproj
		SccProjectName27 = util
		SccLocalPath27 = util
		SccProjectUniqueName28 = WebApiCore\\WebApiCore.csproj
		SccProjectName28 = WebApiCore
		SccLocalPath28 = WebApiCore
		SccProjectUniqueName29 = WebApiExt\\WebApiExt.csproj
		SccProjectName29 = WebApiExt
		SccLocalPath29 = WebApiExt
		SccProjectUniqueName30 = facturacion\\facturacion.csproj
		SccProjectName30 = facturacion
		SccLocalPath30 = facturacion
		SccProjectUniqueName31 = canalesdigitales\\canalesdigitales.csproj
		SccProjectName31 = canalesdigitales
		SccLocalPath31 = canalesdigitales
	EndGlobalSection
EndGlobal
